
Microsoft Visual Studio Solution File, Format Version 12.00
# Visual Studio Version 17
VisualStudioVersion = 17.5.002.0
MinimumVisualStudioVersion = 10.0.40219.1
Project("{9A19103F-16F7-4668-BE54-9A1E7A4F7556}") = "AppFootballTables", "AppFootballTables.csproj", "{BEF4017F-1EBE-44BA-A9EB-D857B5A320B6}"
EndProject
Global
	GlobalSection(SolutionConfigurationPlatforms) = preSolution
		Debug|Any CPU = Debug|Any CPU
		Release|Any CPU = Release|Any CPU
	EndGlobalSection
	GlobalSection(ProjectConfigurationPlatforms) = postSolution
		{BEF4017F-1EBE-44BA-A9EB-D857B5A320B6}.Debug|Any CPU.ActiveCfg = Debug|Any CPU
		{BEF4017F-1EBE-44BA-A9EB-D857B5A320B6}.Debug|Any CPU.Build.0 = Debug|Any CPU
		{BEF4017F-1EBE-44BA-A9EB-D857B5A320B6}.Release|Any CPU.ActiveCfg = Release|Any CPU
		{BEF4017F-1EBE-44BA-A9EB-D857B5A320B6}.Release|Any CPU.Build.0 = Release|Any CPU
	EndGlobalSection
	GlobalSection(SolutionProperties) = preSolution
		HideSolutionNode = FALSE
	EndGlobalSection
	GlobalSection(ExtensibilityGlobals) = postSolution
		SolutionGuid = {2EE3DB04-7C99-4D8D-A422-5577CC861D1C}
	EndGlobalSection
EndGlobal
